{
  "version": 4,
  "terraform_version": "1.15.0",
  "serial": 22,
  "lineage": "f044bac3-04cd-f0d4-84df-fe1115279d90",
  "outputs": {
    "lb_public_ip": {
      "value": "13.83.223.89",
      "type": "string"
    },
    "vm_private_ips": {
      "value": [
        "10.10.1.10",
        "10.10.1.11"
      ],
      "type": [
        "tuple",
        [
          "string",
          "string"
        ]
      ]
    }
  },
  "resources": [
    {
      "mode": "managed",
      "type": "azurerm_lb",
      "name": "lb",
      "provider": "provider[\"registry.terraform.io/hashicorp/azurerm\"]",
      "instances": [
        {
          "schema_version": 0,
          "attributes": {
            "edge_zone": "",
            "frontend_ip_configuration": [
              {
                "gateway_load_balancer_frontend_ip_configuration_id": "",
                "id": "/subscriptions/5467901c-3d47-4bdf-9e13-5458f72b3484/resourceGroups/RedesProject/providers/Microsoft.Network/loadBalancers/lb-redesProject/frontendIPConfigurations/frontend",
                "inbound_nat_rules": [],
                "load_balancer_rules": [
                  "/subscriptions/5467901c-3d47-4bdf-9e13-5458f72b3484/resourceGroups/RedesProject/providers/Microsoft.Network/loadBalancers/lb-redesProject/loadBalancingRules/http-rule"
                ],
                "name": "frontend",
                "outbound_rules": [],
                "private_ip_address": "",
                "private_ip_address_allocation": "Dynamic",
                "private_ip_address_version": "",
                "public_ip_address_id": "/subscriptions/5467901c-3d47-4bdf-9e13-5458f72b3484/resourceGroups/RedesProject/providers/Microsoft.Network/publicIPAddresses/lb-public-ip",
                "public_ip_prefix_id": "",
                "subnet_id": "",
                "zones": []
              }
            ],
            "id": "/subscriptions/5467901c-3d47-4bdf-9e13-5458f72b3484/resourceGroups/RedesProject/providers/Microsoft.Network/loadBalancers/lb-redesProject",
            "location": "westus",
            "name": "lb-redesProject",
            "private_ip_address": "",
            "private_ip_addresses": [],
            "public_ip_address_id": null,
            "resource_group_name": "RedesProject",
            "sku": "Standard",
            "sku_tier": "Regional",
            "subnet_id": null,
            "tags": {},
            "timeouts": null
          },
          "sensitive_attributes": [],
          "identity_schema_version": 0,
          "private": "eyJlMmJmYjczMC1lY2FhLTExZTYtOGY4OC0zNDM2M2JjN2M0YzAiOnsiY3JlYXRlIjoxODAwMDAwMDAwMDAwLCJkZWxldGUiOjE4MDAwMDAwMDAwMDAsInJlYWQiOjMwMDAwMDAwMDAwMCwidXBkYXRlIjoxODAwMDAwMDAwMDAwfX0=",
          "dependencies": [
            "azurerm_public_ip.lb_ip",
            "azurerm_resource_group.rg"
          ]
        }
      ]
    },
    {
      "mode": "managed",
      "type": "azurerm_lb_backend_address_pool",
      "name": "backend",
      "provider": "provider[\"registry.terraform.io/hashicorp/azurerm\"]",
      "instances": [
        {
          "schema_version": 0,
          "attributes": {
            "backend_ip_configurations": [
              "/subscriptions/5467901c-3d47-4bdf-9e13-5458f72b3484/resourceGroups/RedesProject/providers/Microsoft.Network/networkInterfaces/nic-redesProject2/ipConfigurations/internal",
              "/subscriptions/5467901c-3d47-4bdf-9e13-5458f72b3484/resourceGroups/RedesProject/providers/Microsoft.Network/networkInterfaces/nic-redesProject1/ipConfigurations/internal"
            ],
            "id": "/subscriptions/5467901c-3d47-4bdf-9e13-5458f72b3484/resourceGroups/RedesProject/providers/Microsoft.Network/loadBalancers/lb-redesProject/backendAddressPools/backend-pool",
            "inbound_nat_rules": [],
            "load_balancing_rules": [
              "/subscriptions/5467901c-3d47-4bdf-9e13-5458f72b3484/resourceGroups/RedesProject/providers/Microsoft.Network/loadBalancers/lb-redesProject/loadBalancingRules/http-rule"
            ],
            "loadbalancer_id": "/subscriptions/5467901c-3d47-4bdf-9e13-5458f72b3484/resourceGroups/RedesProject/providers/Microsoft.Network/loadBalancers/lb-redesProject",
            "name": "backend-pool",
            "outbound_rules": [],
            "synchronous_mode": "",
            "timeouts": null,
            "tunnel_interface": [],
            "virtual_network_id": ""
          },
          "sensitive_attributes": [],
          "identity_schema_version": 0,
          "private": "eyJlMmJmYjczMC1lY2FhLTExZTYtOGY4OC0zNDM2M2JjN2M0YzAiOnsiY3JlYXRlIjoxODAwMDAwMDAwMDAwLCJkZWxldGUiOjE4MDAwMDAwMDAwMDAsInJlYWQiOjMwMDAwMDAwMDAwMCwidXBkYXRlIjoxODAwMDAwMDAwMDAwfX0=",
          "dependencies": [
            "azurerm_lb.lb",
            "azurerm_public_ip.lb_ip",
            "azurerm_resource_group.rg"
          ]
        }
      ]
    },
    {
      "mode": "managed",
      "type": "azurerm_lb_probe",
      "name": "probe",
      "provider": "provider[\"registry.terraform.io/hashicorp/azurerm\"]",
      "instances": [
        {
          "schema_version": 0,
          "attributes": {
            "id": "/subscriptions/5467901c-3d47-4bdf-9e13-5458f72b3484/resourceGroups/RedesProject/providers/Microsoft.Network/loadBalancers/lb-redesProject/probes/health-probe",
            "interval_in_seconds": 15,
            "load_balancer_rules": [
              "/subscriptions/5467901c-3d47-4bdf-9e13-5458f72b3484/resourceGroups/RedesProject/providers/Microsoft.Network/loadBalancers/lb-redesProject/loadBalancingRules/http-rule"
            ],
            "loadbalancer_id": "/subscriptions/5467901c-3d47-4bdf-9e13-5458f72b3484/resourceGroups/RedesProject/providers/Microsoft.Network/loadBalancers/lb-redesProject",
            "name": "health-probe",
            "number_of_probes": 2,
            "port": 80,
            "probe_threshold": 1,
            "protocol": "Http",
            "request_path": "/healthz",
            "timeouts": null
          },
          "sensitive_attributes": [],
          "identity_schema_version": 0,
          "private": "eyJlMmJmYjczMC1lY2FhLTExZTYtOGY4OC0zNDM2M2JjN2M0YzAiOnsiY3JlYXRlIjoxODAwMDAwMDAwMDAwLCJkZWxldGUiOjE4MDAwMDAwMDAwMDAsInJlYWQiOjMwMDAwMDAwMDAwMCwidXBkYXRlIjoxODAwMDAwMDAwMDAwfX0=",
          "dependencies": [
            "azurerm_lb.lb",
            "azurerm_public_ip.lb_ip",
            "azurerm_resource_group.rg"
          ]
        }
      ]
    },
    {
      "mode": "managed",
      "type": "azurerm_lb_rule",
      "name": "http",
      "provider": "provider[\"registry.terraform.io/hashicorp/azurerm\"]",
      "instances": [
        {
          "schema_version": 0,
          "attributes": {
            "backend_address_pool_ids": [
              "/subscriptions/5467901c-3d47-4bdf-9e13-5458f72b3484/resourceGroups/RedesProject/providers/Microsoft.Network/loadBalancers/lb-redesProject/backendAddressPools/backend-pool"
            ],
            "backend_port": 80,
            "disable_outbound_snat": false,
            "enable_floating_ip": false,
            "enable_tcp_reset": false,
            "floating_ip_enabled": false,
            "frontend_ip_configuration_id": "/subscriptions/5467901c-3d47-4bdf-9e13-5458f72b3484/resourceGroups/RedesProject/providers/Microsoft.Network/loadBalancers/lb-redesProject/frontendIPConfigurations/frontend",
            "frontend_ip_configuration_name": "frontend",
            "frontend_port": 80,
            "id": "/subscriptions/5467901c-3d47-4bdf-9e13-5458f72b3484/resourceGroups/RedesProject/providers/Microsoft.Network/loadBalancers/lb-redesProject/loadBalancingRules/http-rule",
            "idle_timeout_in_minutes": 4,
            "load_distribution": "Default",
            "loadbalancer_id": "/subscriptions/5467901c-3d47-4bdf-9e13-5458f72b3484/resourceGroups/RedesProject/providers/Microsoft.Network/loadBalancers/lb-redesProject",
            "name": "http-rule",
            "probe_id": "/subscriptions/5467901c-3d47-4bdf-9e13-5458f72b3484/resourceGroups/RedesProject/providers/Microsoft.Network/loadBalancers/lb-redesProject/probes/health-probe",
            "protocol": "Tcp",
            "tcp_reset_enabled": false,
            "timeouts": null
          },
          "sensitive_attributes": [],
          "identity_schema_version": 0,
          "private": "eyJlMmJmYjczMC1lY2FhLTExZTYtOGY4OC0zNDM2M2JjN2M0YzAiOnsiY3JlYXRlIjoxODAwMDAwMDAwMDAwLCJkZWxldGUiOjE4MDAwMDAwMDAwMDAsInJlYWQiOjMwMDAwMDAwMDAwMCwidXBkYXRlIjoxODAwMDAwMDAwMDAwfX0=",
          "dependencies": [
            "azurerm_lb.lb",
            "azurerm_lb_backend_address_pool.backend",
            "azurerm_lb_probe.probe",
            "azurerm_public_ip.lb_ip",
            "azurerm_resource_group.rg"
          ]
        }
      ]
    },
    {
      "mode": "managed",
      "type": "azurerm_linux_virtual_machine",
      "name": "vm1",
      "provider": "provider[\"registry.terraform.io/hashicorp/azurerm\"]",
      "instances": [
        {
          "schema_version": 0,
          "attributes": {
            "additional_capabilities": [],
            "admin_password": null,
            "admin_ssh_key": [
              {
                "public_key": "ssh-rsa AAAAB3NzaC1yc2EAAAADAQABAAACAQDfTm0EXxfl+M+e8V8HmBKOKIXA+cTZt+BVH9Sg8sJXNWgzGMLcaHGGJ799Dhht+owMo0O40+R0XtXTjwUvmTMj9f590CUZgTHjPx4S1Bj8E+mBbRS9Z8qUwcF2XctBnnNY7BgRzGxWD07TofQU/kUiB6giofKn9bRbYckP8+xdRsxk/5qtid8uPPVFH3XjI/Hh4bTcd97AUr5nNLbx/8QOT5dDGzPT8dtNXNgoIaJbpj04K7IIY/w1LKdBs6cOZ8rEz7K39sEkQDMl/l8TzlbpoH9jBHz5FHEr0Z6gHTVaQ7+K9mWSnqBMakWf6saRF60P7YJCzbADKvxSB6mnxWpM+BRlWn+lTUrE3vIv0Qgjaza/oHsI5/QCclqXXBsZBVIZ41HFrZoG48wR3xIru7RKNg1g46Av1Rr4qCfm8PFf+GPYTbYCo/FOQHC560aCxPLxrV4v36unQjT6aKhDPS0CzepB7GE+eZLF91OX4xA4C51eE6NDntJYFTRITkxragQk5HKU0xX9h13phNQE4L2PA8h9wA0W+Oa3V1HhfZxN/XqzWYdSrVpMxYEn7FZmBpBG3TQU3+fDN18HyQBjfv5pxk76ZmHP72INUxw/J6EpdppkZfxWfkp61jqfT/to9pQZmmqp5J3OGG1Q8q9OB6X0bgClyxWKB/H/8xZzRS8r1Q== porra@Pau",
                "username": "RedesProject"
              }
            ],
            "admin_username": "RedesProject",
            "allow_extension_operations": true,
            "availability_set_id": "",
            "boot_diagnostics": [],
            "bypass_platform_safety_checks_on_user_schedule_enabled": false,
            "capacity_reservation_group_id": "",
            "computer_name": "vm-redesProject1",
            "custom_data": null,
            "dedicated_host_group_id": "",
            "dedicated_host_id": "",
            "disable_password_authentication": true,
            "disk_controller_type": "",
            "edge_zone": "",
            "encryption_at_host_enabled": false,
            "eviction_policy": "",
            "extensions_time_budget": "PT1H30M",
            "gallery_application": [],
            "id": "/subscriptions/5467901c-3d47-4bdf-9e13-5458f72b3484/resourceGroups/RedesProject/providers/Microsoft.Compute/virtualMachines/vm-redesProject1",
            "identity": [],
            "license_type": "",
            "location": "westus",
            "max_bid_price": -1,
            "name": "vm-redesProject1",
            "network_interface_ids": [
              "/subscriptions/5467901c-3d47-4bdf-9e13-5458f72b3484/resourceGroups/RedesProject/providers/Microsoft.Network/networkInterfaces/nic-redesProject1"
            ],
            "os_disk": [
              {
                "caching": "ReadWrite",
                "diff_disk_settings": [],
                "disk_encryption_set_id": "",
                "disk_size_gb": 30,
                "id": "/subscriptions/5467901c-3d47-4bdf-9e13-5458f72b3484/resourceGroups/RedesProject/providers/Microsoft.Compute/disks/vm-redesProject1_OsDisk_1_743acaaff9054d15b145f9debac848fd",
                "name": "vm-redesProject1_OsDisk_1_743acaaff9054d15b145f9debac848fd",
                "secure_vm_disk_encryption_set_id": "",
                "security_encryption_type": "",
                "storage_account_type": "Standard_LRS",
                "write_accelerator_enabled": false
              }
            ],
            "os_image_notification": [],
            "os_managed_disk_id": "/subscriptions/5467901c-3d47-4bdf-9e13-5458f72b3484/resourceGroups/RedesProject/providers/Microsoft.Compute/disks/vm-redesProject1_OsDisk_1_743acaaff9054d15b145f9debac848fd",
            "patch_assessment_mode": "ImageDefault",
            "patch_mode": "ImageDefault",
            "plan": [],
            "platform_fault_domain": -1,
            "priority": "Regular",
            "private_ip_address": "10.10.1.10",
            "private_ip_addresses": [
              "10.10.1.10"
            ],
            "provision_vm_agent": true,
            "proximity_placement_group_id": "",
            "public_ip_address": "",
            "public_ip_addresses": [],
            "reboot_setting": "",
            "resource_group_name": "RedesProject",
            "secret": [],
            "secure_boot_enabled": false,
            "size": "Standard_D2s_v3",
            "source_image_id": "",
            "source_image_reference": [
              {
                "offer": "0001-com-ubuntu-server-jammy",
                "publisher": "Canonical",
                "sku": "22_04-lts",
                "version": "latest"
              }
            ],
            "tags": {},
            "termination_notification": [],
            "timeouts": null,
            "user_data": "",
            "virtual_machine_id": "764c9248-5087-4c39-9f0c-75187ea6232a",
            "virtual_machine_scale_set_id": "",
            "vm_agent_platform_updates_enabled": false,
            "vtpm_enabled": false,
            "zone": ""
          },
          "sensitive_attributes": [
            [
              {
                "type": "get_attr",
                "value": "admin_password"
              }
            ],
            [
              {
                "type": "get_attr",
                "value": "custom_data"
              }
            ]
          ],
          "identity_schema_version": 0,
          "private": "eyJlMmJmYjczMC1lY2FhLTExZTYtOGY4OC0zNDM2M2JjN2M0YzAiOnsiY3JlYXRlIjoyNzAwMDAwMDAwMDAwLCJkZWxldGUiOjI3MDAwMDAwMDAwMDAsInJlYWQiOjMwMDAwMDAwMDAwMCwidXBkYXRlIjoyNzAwMDAwMDAwMDAwfX0=",
          "dependencies": [
            "azurerm_network_interface.nic1",
            "azurerm_resource_group.rg",
            "azurerm_subnet.subnet",
            "azurerm_virtual_network.vnet"
          ]
        }
      ]
    },
    {
      "mode": "managed",
      "type": "azurerm_linux_virtual_machine",
      "name": "vm2",
      "provider": "provider[\"registry.terraform.io/hashicorp/azurerm\"]",
      "instances": [
        {
          "schema_version": 0,
          "attributes": {
            "additional_capabilities": [],
            "admin_password": null,
            "admin_ssh_key": [
              {
                "public_key": "ssh-rsa AAAAB3NzaC1yc2EAAAADAQABAAACAQDfTm0EXxfl+M+e8V8HmBKOKIXA+cTZt+BVH9Sg8sJXNWgzGMLcaHGGJ799Dhht+owMo0O40+R0XtXTjwUvmTMj9f590CUZgTHjPx4S1Bj8E+mBbRS9Z8qUwcF2XctBnnNY7BgRzGxWD07TofQU/kUiB6giofKn9bRbYckP8+xdRsxk/5qtid8uPPVFH3XjI/Hh4bTcd97AUr5nNLbx/8QOT5dDGzPT8dtNXNgoIaJbpj04K7IIY/w1LKdBs6cOZ8rEz7K39sEkQDMl/l8TzlbpoH9jBHz5FHEr0Z6gHTVaQ7+K9mWSnqBMakWf6saRF60P7YJCzbADKvxSB6mnxWpM+BRlWn+lTUrE3vIv0Qgjaza/oHsI5/QCclqXXBsZBVIZ41HFrZoG48wR3xIru7RKNg1g46Av1Rr4qCfm8PFf+GPYTbYCo/FOQHC560aCxPLxrV4v36unQjT6aKhDPS0CzepB7GE+eZLF91OX4xA4C51eE6NDntJYFTRITkxragQk5HKU0xX9h13phNQE4L2PA8h9wA0W+Oa3V1HhfZxN/XqzWYdSrVpMxYEn7FZmBpBG3TQU3+fDN18HyQBjfv5pxk76ZmHP72INUxw/J6EpdppkZfxWfkp61jqfT/to9pQZmmqp5J3OGG1Q8q9OB6X0bgClyxWKB/H/8xZzRS8r1Q== porra@Pau",
                "username": "RedesProject"
              }
            ],
            "admin_username": "RedesProject",
            "allow_extension_operations": true,
            "availability_set_id": "",
            "boot_diagnostics": [],
            "bypass_platform_safety_checks_on_user_schedule_enabled": false,
            "capacity_reservation_group_id": "",
            "computer_name": "vm-redesProject2",
            "custom_data": null,
            "dedicated_host_group_id": "",
            "dedicated_host_id": "",
            "disable_password_authentication": true,
            "disk_controller_type": "",
            "edge_zone": "",
            "encryption_at_host_enabled": false,
            "eviction_policy": "",
            "extensions_time_budget": "PT1H30M",
            "gallery_application": [],
            "id": "/subscriptions/5467901c-3d47-4bdf-9e13-5458f72b3484/resourceGroups/RedesProject/providers/Microsoft.Compute/virtualMachines/vm-redesProject2",
            "identity": [],
            "license_type": "",
            "location": "westus",
            "max_bid_price": -1,
            "name": "vm-redesProject2",
            "network_interface_ids": [
              "/subscriptions/5467901c-3d47-4bdf-9e13-5458f72b3484/resourceGroups/RedesProject/providers/Microsoft.Network/networkInterfaces/nic-redesProject2"
            ],
            "os_disk": [
              {
                "caching": "ReadWrite",
                "diff_disk_settings": [],
                "disk_encryption_set_id": "",
                "disk_size_gb": 30,
                "id": "/subscriptions/5467901c-3d47-4bdf-9e13-5458f72b3484/resourceGroups/RedesProject/providers/Microsoft.Compute/disks/vm-redesProject2_OsDisk_1_6abdc3e6328548d584bc8be42e271195",
                "name": "vm-redesProject2_OsDisk_1_6abdc3e6328548d584bc8be42e271195",
                "secure_vm_disk_encryption_set_id": "",
                "security_encryption_type": "",
                "storage_account_type": "Standard_LRS",
                "write_accelerator_enabled": false
              }
            ],
            "os_image_notification": [],
            "os_managed_disk_id": "/subscriptions/5467901c-3d47-4bdf-9e13-5458f72b3484/resourceGroups/RedesProject/providers/Microsoft.Compute/disks/vm-redesProject2_OsDisk_1_6abdc3e6328548d584bc8be42e271195",
            "patch_assessment_mode": "ImageDefault",
            "patch_mode": "ImageDefault",
            "plan": [],
            "platform_fault_domain": -1,
            "priority": "Regular",
            "private_ip_address": "10.10.1.11",
            "private_ip_addresses": [
              "10.10.1.11"
            ],
            "provision_vm_agent": true,
            "proximity_placement_group_id": "",
            "public_ip_address": "",
            "public_ip_addresses": [],
            "reboot_setting": "",
            "resource_group_name": "RedesProject",
            "secret": [],
            "secure_boot_enabled": false,
            "size": "Standard_D2s_v3",
            "source_image_id": "",
            "source_image_reference": [
              {
                "offer": "0001-com-ubuntu-server-jammy",
                "publisher": "Canonical",
                "sku": "22_04-lts",
                "version": "latest"
              }
            ],
            "tags": {},
            "termination_notification": [],
            "timeouts": null,
            "user_data": "",
            "virtual_machine_id": "be457d32-a47e-48f6-9708-761dbeb50af9",
            "virtual_machine_scale_set_id": "",
            "vm_agent_platform_updates_enabled": false,
            "vtpm_enabled": false,
            "zone": ""
          },
          "sensitive_attributes": [
            [
              {
                "type": "get_attr",
                "value": "admin_password"
              }
            ],
            [
              {
                "type": "get_attr",
                "value": "custom_data"
              }
            ]
          ],
          "identity_schema_version": 0,
          "private": "eyJlMmJmYjczMC1lY2FhLTExZTYtOGY4OC0zNDM2M2JjN2M0YzAiOnsiY3JlYXRlIjoyNzAwMDAwMDAwMDAwLCJkZWxldGUiOjI3MDAwMDAwMDAwMDAsInJlYWQiOjMwMDAwMDAwMDAwMCwidXBkYXRlIjoyNzAwMDAwMDAwMDAwfX0=",
          "dependencies": [
            "azurerm_network_interface.nic2",
            "azurerm_resource_group.rg",
            "azurerm_subnet.subnet",
            "azurerm_virtual_network.vnet"
          ]
        }
      ]
    },
    {
      "mode": "managed",
      "type": "azurerm_network_interface",
      "name": "nic1",
      "provider": "provider[\"registry.terraform.io/hashicorp/azurerm\"]",
      "instances": [
        {
          "schema_version": 0,
          "attributes": {
            "accelerated_networking_enabled": false,
            "applied_dns_servers": [],
            "auxiliary_mode": "",
            "auxiliary_sku": "",
            "dns_servers": [],
            "edge_zone": "",
            "id": "/subscriptions/5467901c-3d47-4bdf-9e13-5458f72b3484/resourceGroups/RedesProject/providers/Microsoft.Network/networkInterfaces/nic-redesProject1",
            "internal_dns_name_label": "",
            "internal_domain_name_suffix": "mvw4hfembk1ubo1bvvltlkwted.dx.internal.cloudapp.net",
            "ip_configuration": [
              {
                "gateway_load_balancer_frontend_ip_configuration_id": "",
                "name": "internal",
                "primary": true,
                "private_ip_address": "10.10.1.10",
                "private_ip_address_allocation": "Static",
                "private_ip_address_version": "IPv4",
                "public_ip_address_id": "",
                "subnet_id": "/subscriptions/5467901c-3d47-4bdf-9e13-5458f72b3484/resourceGroups/RedesProject/providers/Microsoft.Network/virtualNetworks/VNet-redesProject/subnets/subnet-redesProject"
              }
            ],
            "ip_forwarding_enabled": false,
            "location": "westus",
            "mac_address": "70-A8-A5-B2-73-65",
            "name": "nic-redesProject1",
            "private_ip_address": "10.10.1.10",
            "private_ip_addresses": [
              "10.10.1.10"
            ],
            "resource_group_name": "RedesProject",
            "tags": {},
            "timeouts": null,
            "virtual_machine_id": "/subscriptions/5467901c-3d47-4bdf-9e13-5458f72b3484/resourceGroups/RedesProject/providers/Microsoft.Compute/virtualMachines/vm-redesProject1"
          },
          "sensitive_attributes": [],
          "identity_schema_version": 0,
          "identity": {
            "name": "nic-redesProject1",
            "resource_group_name": "RedesProject",
            "subscription_id": "5467901c-3d47-4bdf-9e13-5458f72b3484"
          },
          "private": "eyJlMmJmYjczMC1lY2FhLTExZTYtOGY4OC0zNDM2M2JjN2M0YzAiOnsiY3JlYXRlIjoxODAwMDAwMDAwMDAwLCJkZWxldGUiOjE4MDAwMDAwMDAwMDAsInJlYWQiOjMwMDAwMDAwMDAwMCwidXBkYXRlIjoxODAwMDAwMDAwMDAwfX0=",
          "dependencies": [
            "azurerm_resource_group.rg",
            "azurerm_subnet.subnet",
            "azurerm_virtual_network.vnet"
          ]
        }
      ]
    },
    {
      "mode": "managed",
      "type": "azurerm_network_interface",
      "name": "nic2",
      "provider": "provider[\"registry.terraform.io/hashicorp/azurerm\"]",
      "instances": [
        {
          "schema_version": 0,
          "attributes": {
            "accelerated_networking_enabled": false,
            "applied_dns_servers": [],
            "auxiliary_mode": "",
            "auxiliary_sku": "",
            "dns_servers": [],
            "edge_zone": "",
            "id": "/subscriptions/5467901c-3d47-4bdf-9e13-5458f72b3484/resourceGroups/RedesProject/providers/Microsoft.Network/networkInterfaces/nic-redesProject2",
            "internal_dns_name_label": "",
            "internal_domain_name_suffix": "mvw4hfembk1ubo1bvvltlkwted.dx.internal.cloudapp.net",
            "ip_configuration": [
              {
                "gateway_load_balancer_frontend_ip_configuration_id": "",
                "name": "internal",
                "primary": true,
                "private_ip_address": "10.10.1.11",
                "private_ip_address_allocation": "Static",
                "private_ip_address_version": "IPv4",
                "public_ip_address_id": "",
                "subnet_id": "/subscriptions/5467901c-3d47-4bdf-9e13-5458f72b3484/resourceGroups/RedesProject/providers/Microsoft.Network/virtualNetworks/VNet-redesProject/subnets/subnet-redesProject"
              }
            ],
            "ip_forwarding_enabled": false,
            "location": "westus",
            "mac_address": "00-0D-3A-59-8B-99",
            "name": "nic-redesProject2",
            "private_ip_address": "10.10.1.11",
            "private_ip_addresses": [
              "10.10.1.11"
            ],
            "resource_group_name": "RedesProject",
            "tags": {},
            "timeouts": null,
            "virtual_machine_id": "/subscriptions/5467901c-3d47-4bdf-9e13-5458f72b3484/resourceGroups/RedesProject/providers/Microsoft.Compute/virtualMachines/vm-redesProject2"
          },
          "sensitive_attributes": [],
          "identity_schema_version": 0,
          "identity": {
            "name": "nic-redesProject2",
            "resource_group_name": "RedesProject",
            "subscription_id": "5467901c-3d47-4bdf-9e13-5458f72b3484"
          },
          "private": "eyJlMmJmYjczMC1lY2FhLTExZTYtOGY4OC0zNDM2M2JjN2M0YzAiOnsiY3JlYXRlIjoxODAwMDAwMDAwMDAwLCJkZWxldGUiOjE4MDAwMDAwMDAwMDAsInJlYWQiOjMwMDAwMDAwMDAwMCwidXBkYXRlIjoxODAwMDAwMDAwMDAwfX0=",
          "dependencies": [
            "azurerm_resource_group.rg",
            "azurerm_subnet.subnet",
            "azurerm_virtual_network.vnet"
          ]
        }
      ]
    },
    {
      "mode": "managed",
      "type": "azurerm_network_interface_backend_address_pool_association",
      "name": "assoc1",
      "provider": "provider[\"registry.terraform.io/hashicorp/azurerm\"]",
      "instances": [
        {
          "schema_version": 0,
          "attributes": {
            "backend_address_pool_id": "/subscriptions/5467901c-3d47-4bdf-9e13-5458f72b3484/resourceGroups/RedesProject/providers/Microsoft.Network/loadBalancers/lb-redesProject/backendAddressPools/backend-pool",
            "id": "/subscriptions/5467901c-3d47-4bdf-9e13-5458f72b3484/resourceGroups/RedesProject/providers/Microsoft.Network/networkInterfaces/nic-redesProject1/ipConfigurations/internal|/subscriptions/5467901c-3d47-4bdf-9e13-5458f72b3484/resourceGroups/RedesProject/providers/Microsoft.Network/loadBalancers/lb-redesProject/backendAddressPools/backend-pool",
            "ip_configuration_name": "internal",
            "network_interface_id": "/subscriptions/5467901c-3d47-4bdf-9e13-5458f72b3484/resourceGroups/RedesProject/providers/Microsoft.Network/networkInterfaces/nic-redesProject1",
            "timeouts": null
          },
          "sensitive_attributes": [],
          "identity_schema_version": 0,
          "private": "eyJlMmJmYjczMC1lY2FhLTExZTYtOGY4OC0zNDM2M2JjN2M0YzAiOnsiY3JlYXRlIjoxODAwMDAwMDAwMDAwLCJkZWxldGUiOjE4MDAwMDAwMDAwMDAsInJlYWQiOjMwMDAwMDAwMDAwMH19",
          "dependencies": [
            "azurerm_lb.lb",
            "azurerm_lb_backend_address_pool.backend",
            "azurerm_network_interface.nic1",
            "azurerm_public_ip.lb_ip",
            "azurerm_resource_group.rg",
            "azurerm_subnet.subnet",
            "azurerm_virtual_network.vnet"
          ]
        }
      ]
    },
    {
      "mode": "managed",
      "type": "azurerm_network_interface_backend_address_pool_association",
      "name": "assoc2",
      "provider": "provider[\"registry.terraform.io/hashicorp/azurerm\"]",
      "instances": [
        {
          "schema_version": 0,
          "attributes": {
            "backend_address_pool_id": "/subscriptions/5467901c-3d47-4bdf-9e13-5458f72b3484/resourceGroups/RedesProject/providers/Microsoft.Network/loadBalancers/lb-redesProject/backendAddressPools/backend-pool",
            "id": "/subscriptions/5467901c-3d47-4bdf-9e13-5458f72b3484/resourceGroups/RedesProject/providers/Microsoft.Network/networkInterfaces/nic-redesProject2/ipConfigurations/internal|/subscriptions/5467901c-3d47-4bdf-9e13-5458f72b3484/resourceGroups/RedesProject/providers/Microsoft.Network/loadBalancers/lb-redesProject/backendAddressPools/backend-pool",
            "ip_configuration_name": "internal",
            "network_interface_id": "/subscriptions/5467901c-3d47-4bdf-9e13-5458f72b3484/resourceGroups/RedesProject/providers/Microsoft.Network/networkInterfaces/nic-redesProject2",
            "timeouts": null
          },
          "sensitive_attributes": [],
          "identity_schema_version": 0,
          "private": "eyJlMmJmYjczMC1lY2FhLTExZTYtOGY4OC0zNDM2M2JjN2M0YzAiOnsiY3JlYXRlIjoxODAwMDAwMDAwMDAwLCJkZWxldGUiOjE4MDAwMDAwMDAwMDAsInJlYWQiOjMwMDAwMDAwMDAwMH19",
          "dependencies": [
            "azurerm_lb.lb",
            "azurerm_lb_backend_address_pool.backend",
            "azurerm_network_interface.nic2",
            "azurerm_public_ip.lb_ip",
            "azurerm_resource_group.rg",
            "azurerm_subnet.subnet",
            "azurerm_virtual_network.vnet"
          ]
        }
      ]
    },
    {
      "mode": "managed",
      "type": "azurerm_network_security_group",
      "name": "nsg",
      "provider": "provider[\"registry.terraform.io/hashicorp/azurerm\"]",
      "instances": [
        {
          "schema_version": 0,
          "attributes": {
            "id": "/subscriptions/5467901c-3d47-4bdf-9e13-5458f72b3484/resourceGroups/RedesProject/providers/Microsoft.Network/networkSecurityGroups/nsg-redesProject",
            "location": "westus",
            "name": "nsg-redesProject",
            "resource_group_name": "RedesProject",
            "security_rule": [
              {
                "access": "Allow",
                "description": "",
                "destination_address_prefix": "*",
                "destination_address_prefixes": [],
                "destination_application_security_group_ids": [],
                "destination_port_range": "22",
                "destination_port_ranges": [],
                "direction": "Inbound",
                "name": "SSH",
                "priority": 120,
                "protocol": "Tcp",
                "source_address_prefix": "*",
                "source_address_prefixes": [],
                "source_application_security_group_ids": [],
                "source_port_range": "*",
                "source_port_ranges": []
              },
              {
                "access": "Allow",
                "description": "",
                "destination_address_prefix": "*",
                "destination_address_prefixes": [],
                "destination_application_security_group_ids": [],
                "destination_port_range": "443",
                "destination_port_ranges": [],
                "direction": "Inbound",
                "name": "HTTPS",
                "priority": 110,
                "protocol": "Tcp",
                "source_address_prefix": "*",
                "source_address_prefixes": [],
                "source_application_security_group_ids": [],
                "source_port_range": "*",
                "source_port_ranges": []
              },
              {
                "access": "Allow",
                "description": "",
                "destination_address_prefix": "*",
                "destination_address_prefixes": [],
                "destination_application_security_group_ids": [],
                "destination_port_range": "80",
                "destination_port_ranges": [],
                "direction": "Inbound",
                "name": "HTTP",
                "priority": 100,
                "protocol": "Tcp",
                "source_address_prefix": "*",
                "source_address_prefixes": [],
                "source_application_security_group_ids": [],
                "source_port_range": "*",
                "source_port_ranges": []
              }
            ],
            "tags": null,
            "timeouts": null
          },
          "sensitive_attributes": [],
          "identity_schema_version": 0,
          "identity": {
            "name": "nsg-redesProject",
            "resource_group_name": "RedesProject",
            "subscription_id": "5467901c-3d47-4bdf-9e13-5458f72b3484"
          },
          "private": "eyJlMmJmYjczMC1lY2FhLTExZTYtOGY4OC0zNDM2M2JjN2M0YzAiOnsiY3JlYXRlIjoxODAwMDAwMDAwMDAwLCJkZWxldGUiOjE4MDAwMDAwMDAwMDAsInJlYWQiOjMwMDAwMDAwMDAwMCwidXBkYXRlIjoxODAwMDAwMDAwMDAwfX0=",
          "dependencies": [
            "azurerm_resource_group.rg"
          ]
        }
      ]
    },
    {
      "mode": "managed",
      "type": "azurerm_public_ip",
      "name": "lb_ip",
      "provider": "provider[\"registry.terraform.io/hashicorp/azurerm\"]",
      "instances": [
        {
          "schema_version": 0,
          "attributes": {
            "allocation_method": "Static",
            "ddos_protection_mode": "VirtualNetworkInherited",
            "ddos_protection_plan_id": null,
            "domain_name_label": "",
            "domain_name_label_scope": "",
            "edge_zone": "",
            "fqdn": "",
            "id": "/subscriptions/5467901c-3d47-4bdf-9e13-5458f72b3484/resourceGroups/RedesProject/providers/Microsoft.Network/publicIPAddresses/lb-public-ip",
            "idle_timeout_in_minutes": 4,
            "ip_address": "13.83.223.89",
            "ip_tags": {},
            "ip_version": "IPv4",
            "location": "westus",
            "name": "lb-public-ip",
            "public_ip_prefix_id": null,
            "resource_group_name": "RedesProject",
            "reverse_fqdn": "",
            "sku": "Standard",
            "sku_tier": "Regional",
            "tags": {},
            "timeouts": null,
            "zones": []
          },
          "sensitive_attributes": [],
          "identity_schema_version": 0,
          "identity": {
            "name": "lb-public-ip",
            "resource_group_name": "RedesProject",
            "subscription_id": "5467901c-3d47-4bdf-9e13-5458f72b3484"
          },
          "private": "eyJlMmJmYjczMC1lY2FhLTExZTYtOGY4OC0zNDM2M2JjN2M0YzAiOnsiY3JlYXRlIjoxODAwMDAwMDAwMDAwLCJkZWxldGUiOjE4MDAwMDAwMDAwMDAsInJlYWQiOjMwMDAwMDAwMDAwMCwidXBkYXRlIjoxODAwMDAwMDAwMDAwfX0=",
          "dependencies": [
            "azurerm_resource_group.rg"
          ]
        }
      ]
    },
    {
      "mode": "managed",
      "type": "azurerm_resource_group",
      "name": "rg",
      "provider": "provider[\"registry.terraform.io/hashicorp/azurerm\"]",
      "instances": [
        {
          "schema_version": 0,
          "attributes": {
            "id": "/subscriptions/5467901c-3d47-4bdf-9e13-5458f72b3484/resourceGroups/RedesProject",
            "location": "westus",
            "managed_by": "",
            "name": "RedesProject",
            "tags": {},
            "timeouts": null
          },
          "sensitive_attributes": [],
          "identity_schema_version": 0,
          "identity": {
            "name": "RedesProject",
            "subscription_id": "5467901c-3d47-4bdf-9e13-5458f72b3484"
          },
          "private": "eyJlMmJmYjczMC1lY2FhLTExZTYtOGY4OC0zNDM2M2JjN2M0YzAiOnsiY3JlYXRlIjo1NDAwMDAwMDAwMDAwLCJkZWxldGUiOjU0MDAwMDAwMDAwMDAsInJlYWQiOjMwMDAwMDAwMDAwMCwidXBkYXRlIjo1NDAwMDAwMDAwMDAwfX0="
        }
      ]
    },
    {
      "mode": "managed",
      "type": "azurerm_subnet",
      "name": "subnet",
      "provider": "provider[\"registry.terraform.io/hashicorp/azurerm\"]",
      "instances": [
        {
          "schema_version": 0,
          "attributes": {
            "address_prefixes": [
              "10.10.1.0/24"
            ],
            "default_outbound_access_enabled": true,
            "delegation": [],
            "id": "/subscriptions/5467901c-3d47-4bdf-9e13-5458f72b3484/resourceGroups/RedesProject/providers/Microsoft.Network/virtualNetworks/VNet-redesProject/subnets/subnet-redesProject",
            "ip_address_pool": [],
            "name": "subnet-redesProject",
            "private_endpoint_network_policies": "Disabled",
            "private_link_service_network_policies_enabled": true,
            "resource_group_name": "RedesProject",
            "service_endpoint_policy_ids": [],
            "service_endpoints": [],
            "sharing_scope": "",
            "timeouts": null,
            "virtual_network_name": "VNet-redesProject"
          },
          "sensitive_attributes": [],
          "identity_schema_version": 0,
          "identity": {
            "name": "subnet-redesProject",
            "resource_group_name": "RedesProject",
            "subscription_id": "5467901c-3d47-4bdf-9e13-5458f72b3484",
            "virtual_network_name": "VNet-redesProject"
          },
          "private": "eyJlMmJmYjczMC1lY2FhLTExZTYtOGY4OC0zNDM2M2JjN2M0YzAiOnsiY3JlYXRlIjoxODAwMDAwMDAwMDAwLCJkZWxldGUiOjE4MDAwMDAwMDAwMDAsInJlYWQiOjMwMDAwMDAwMDAwMCwidXBkYXRlIjoxODAwMDAwMDAwMDAwfX0=",
          "dependencies": [
            "azurerm_resource_group.rg",
            "azurerm_virtual_network.vnet"
          ]
        }
      ]
    },
    {
      "mode": "managed",
      "type": "azurerm_subnet_network_security_group_association",
      "name": "nsg_assoc",
      "provider": "provider[\"registry.terraform.io/hashicorp/azurerm\"]",
      "instances": [
        {
          "schema_version": 0,
          "attributes": {
            "id": "/subscriptions/5467901c-3d47-4bdf-9e13-5458f72b3484/resourceGroups/RedesProject/providers/Microsoft.Network/virtualNetworks/VNet-redesProject/subnets/subnet-redesProject",
            "network_security_group_id": "/subscriptions/5467901c-3d47-4bdf-9e13-5458f72b3484/resourceGroups/RedesProject/providers/Microsoft.Network/networkSecurityGroups/nsg-redesProject",
            "subnet_id": "/subscriptions/5467901c-3d47-4bdf-9e13-5458f72b3484/resourceGroups/RedesProject/providers/Microsoft.Network/virtualNetworks/VNet-redesProject/subnets/subnet-redesProject",
            "timeouts": null
          },
          "sensitive_attributes": [],
          "identity_schema_version": 0,
          "private": "eyJlMmJmYjczMC1lY2FhLTExZTYtOGY4OC0zNDM2M2JjN2M0YzAiOnsiY3JlYXRlIjoxODAwMDAwMDAwMDAwLCJkZWxldGUiOjE4MDAwMDAwMDAwMDAsInJlYWQiOjMwMDAwMDAwMDAwMH19",
          "dependencies": [
            "azurerm_network_security_group.nsg",
            "azurerm_resource_group.rg",
            "azurerm_subnet.subnet",
            "azurerm_virtual_network.vnet"
          ]
        }
      ]
    },
    {
      "mode": "managed",
      "type": "azurerm_virtual_network",
      "name": "vnet",
      "provider": "provider[\"registry.terraform.io/hashicorp/azurerm\"]",
      "instances": [
        {
          "schema_version": 0,
          "attributes": {
            "address_space": [
              "10.10.0.0/16"
            ],
            "bgp_community": "",
            "ddos_protection_plan": [],
            "dns_servers": [],
            "edge_zone": "",
            "encryption": [],
            "flow_timeout_in_minutes": 0,
            "guid": "94e36d65-0a8c-40b7-bb61-ad5735aad323",
            "id": "/subscriptions/5467901c-3d47-4bdf-9e13-5458f72b3484/resourceGroups/RedesProject/providers/Microsoft.Network/virtualNetworks/VNet-redesProject",
            "ip_address_pool": [],
            "location": "westus",
            "name": "VNet-redesProject",
            "private_endpoint_vnet_policies": "Disabled",
            "resource_group_name": "RedesProject",
            "subnet": [
              {
                "address_prefixes": [
                  "10.10.1.0/24"
                ],
                "default_outbound_access_enabled": true,
                "delegation": [],
                "id": "/subscriptions/5467901c-3d47-4bdf-9e13-5458f72b3484/resourceGroups/RedesProject/providers/Microsoft.Network/virtualNetworks/VNet-redesProject/subnets/subnet-redesProject",
                "name": "subnet-redesProject",
                "private_endpoint_network_policies": "Disabled",
                "private_link_service_network_policies_enabled": true,
                "route_table_id": "",
                "security_group": "",
                "service_endpoint_policy_ids": [],
                "service_endpoints": []
              }
            ],
            "tags": {},
            "timeouts": null
          },
          "sensitive_attributes": [],
          "identity_schema_version": 0,
          "identity": {
            "name": "VNet-redesProject",
            "resource_group_name": "RedesProject",
            "subscription_id": "5467901c-3d47-4bdf-9e13-5458f72b3484"
          },
          "private": "eyJlMmJmYjczMC1lY2FhLTExZTYtOGY4OC0zNDM2M2JjN2M0YzAiOnsiY3JlYXRlIjoxODAwMDAwMDAwMDAwLCJkZWxldGUiOjE4MDAwMDAwMDAwMDAsInJlYWQiOjMwMDAwMDAwMDAwMCwidXBkYXRlIjoxODAwMDAwMDAwMDAwfX0=",
          "dependencies": [
            "azurerm_resource_group.rg"
          ]
        }
      ]
    }
  ],
  "check_results": null
}
